
Microsoft Visual Studio Solution File, Format Version 12.00
# Visual Studio Version 16
VisualStudioVersion = 16.0.29709.97
MinimumVisualStudioVersion = 10.0.40219.1
Project("{FAE04EC0-301F-11D3-BF4B-00C04F79EFBC}") = "dotnetdevops1", "dotnetdevops1\dotnetdevops1.csproj", "{43C6AAF3-9828-4C86-97CF-2F68E8826BAE}"
EndProject
Project("{FAE04EC0-301F-11D3-BF4B-00C04F79EFBC}") = "dotnetdevops1.Test", "dotnetdevops1.Test\dotnetdevops1.Test.csproj", "{D757D9CF-2C2A-491B-954B-F381997330BC}"
EndProject
Global
	GlobalSection(SolutionConfigurationPlatforms) = preSolution
		Debug|Any CPU = Debug|Any CPU
		Release|Any CPU = Release|Any CPU
	EndGlobalSection
	GlobalSection(ProjectConfigurationPlatforms) = postSolution
		{43C6AAF3-9828-4C86-97CF-2F68E8826BAE}.Debug|Any CPU.ActiveCfg = Debug|Any CPU
		{43C6AAF3-9828-4C86-97CF-2F68E8826BAE}.Debug|Any CPU.Build.0 = Debug|Any CPU
		{43C6AAF3-9828-4C86-97CF-2F68E8826BAE}.Release|Any CPU.ActiveCfg = Release|Any CPU
		{43C6AAF3-9828-4C86-97CF-2F68E8826BAE}.Release|Any CPU.Build.0 = Release|Any CPU
		{D757D9CF-2C2A-491B-954B-F381997330BC}.Debug|Any CPU.ActiveCfg = Debug|Any CPU
		{D757D9CF-2C2A-491B-954B-F381997330BC}.Debug|Any CPU.Build.0 = Debug|Any CPU
		{D757D9CF-2C2A-491B-954B-F381997330BC}.Release|Any CPU.ActiveCfg = Release|Any CPU
		{D757D9CF-2C2A-491B-954B-F381997330BC}.Release|Any CPU.Build.0 = Release|Any CPU
	EndGlobalSection
	GlobalSection(SolutionProperties) = preSolution
		HideSolutionNode = FALSE
	EndGlobalSection
	GlobalSection(ExtensibilityGlobals) = postSolution
		SolutionGuid = {05FF210D-3C2F-4DDE-A265-C204163DBEE1}
	EndGlobalSection
EndGlobal
